
Microsoft Visual Studio Solution File, Format Version 12.00
# Visual Studio Version 16
VisualStudioVersion = 16.0.32929.386
MinimumVisualStudioVersion = 10.0.40219.1
Project("{FAE04EC0-301F-11D3-BF4B-00C04F79EFBC}") = "Test", "Test\Test.csproj", "{1A9D05C8-7C10-44AF-BF34-66466C413D40}"
EndProject
Global
	GlobalSection(SolutionConfigurationPlatforms) = preSolution
		Debug|Any CPU = Debug|Any CPU
		Release|Any CPU = Release|Any CPU
	EndGlobalSection
	GlobalSection(ProjectConfigurationPlatforms) = postSolution
		{1A9D05C8-7C10-44AF-BF34-66466C413D40}.Debug|Any CPU.ActiveCfg = Debug|Any CPU
		{1A9D05C8-7C10-44AF-BF34-66466C413D40}.Debug|Any CPU.Build.0 = Debug|Any CPU
		{1A9D05C8-7C10-44AF-BF34-66466C413D40}.Release|Any CPU.ActiveCfg = Release|Any CPU
		{1A9D05C8-7C10-44AF-BF34-66466C413D40}.Release|Any CPU.Build.0 = Release|Any CPU
	EndGlobalSection
	GlobalSection(SolutionProperties) = preSolution
		HideSolutionNode = FALSE
	EndGlobalSection
	GlobalSection(ExtensibilityGlobals) = postSolution
		SolutionGuid = {A6C3FF82-6ED5-4D89-8FE1-9FC797EB3AC5}
	EndGlobalSection
EndGlobal
